
Microsoft Visual Studio Solution File, Format Version 12.00
# Visual Studio Version 17
VisualStudioVersion = 17.4.33110.190
MinimumVisualStudioVersion = 10.0.40219.1
Project("{9A19103F-16F7-4668-BE54-9A1E7A4F7556}") = "ReflectionTest", "ReflectionTest\ReflectionTest.csproj", "{B46BE13B-DD52-4113-B624-52831229C750}"
EndProject
Project("{9A19103F-16F7-4668-BE54-9A1E7A4F7556}") = "ConsoleUI", "ConsoleApp1\ConsoleUI.csproj", "{F8C2F124-C935-41BE-8053-12E24C6C18D1}"
EndProject
Global
	GlobalSection(SolutionConfigurationPlatforms) = preSolution
		Debug|Any CPU = Debug|Any CPU
		Release|Any CPU = Release|Any CPU
	EndGlobalSection
	GlobalSection(ProjectConfigurationPlatforms) = postSolution
		{B46BE13B-DD52-4113-B624-52831229C750}.Debug|Any CPU.ActiveCfg = Debug|Any CPU
		{B46BE13B-DD52-4113-B624-52831229C750}.Debug|Any CPU.Build.0 = Debug|Any CPU
		{B46BE13B-DD52-4113-B624-52831229C750}.Release|Any CPU.ActiveCfg = Release|Any CPU
		{B46BE13B-DD52-4113-B624-52831229C750}.Release|Any CPU.Build.0 = Release|Any CPU
		{F8C2F124-C935-41BE-8053-12E24C6C18D1}.Debug|Any CPU.ActiveCfg = Debug|Any CPU
		{F8C2F124-C935-41BE-8053-12E24C6C18D1}.Debug|Any CPU.Build.0 = Debug|Any CPU
		{F8C2F124-C935-41BE-8053-12E24C6C18D1}.Release|Any CPU.ActiveCfg = Release|Any CPU
		{F8C2F124-C935-41BE-8053-12E24C6C18D1}.Release|Any CPU.Build.0 = Release|Any CPU
	EndGlobalSection
	GlobalSection(SolutionProperties) = preSolution
		HideSolutionNode = FALSE
	EndGlobalSection
	GlobalSection(ExtensibilityGlobals) = postSolution
		SolutionGuid = {D1875CAC-4ED8-4ED1-B4E0-A589E2161138}
	EndGlobalSection
EndGlobal
